
Microsoft Visual Studio Solution File, Format Version 12.00
# Visual Studio Version 17
VisualStudioVersion = 17.2.32630.192
MinimumVisualStudioVersion = 10.0.40219.1
Project("{9A19103F-16F7-4668-BE54-9A1E7A4F7556}") = "Dynastio.Bot1", "Dynastio.Bot1\Dynastio.Bot1.csproj", "{0564DBB7-A2F4-4240-9D4A-7508A5731CFD}"
EndProject
Project("{9A19103F-16F7-4668-BE54-9A1E7A4F7556}") = "Dynastio.Bot.Data", "Dynastio.Bot.Data\Dynastio.Bot.Data.csproj", "{7BBA5D2E-8089-4DAD-A727-19C82005C078}"
EndProject
Project("{9A19103F-16F7-4668-BE54-9A1E7A4F7556}") = "Dynastio.Bot.Global", "Dynastio.Bot.Global\Dynastio.Bot.Global.csproj", "{4CE7D54B-137E-4594-B648-6AD78C806A1C}"
EndProject
Project("{FAE04EC0-301F-11D3-BF4B-00C04F79EFBC}") = "Dynastio.Bot", "Dynastio.Bot\Dynastio.Bot.csproj", "{E1C8438D-1AF9-4759-85B3-96B3B37DFA6F}"
EndProject
Global
	GlobalSection(SolutionConfigurationPlatforms) = preSolution
		Debug|Any CPU = Debug|Any CPU
		Release|Any CPU = Release|Any CPU
	EndGlobalSection
	GlobalSection(ProjectConfigurationPlatforms) = postSolution
		{0564DBB7-A2F4-4240-9D4A-7508A5731CFD}.Debug|Any CPU.ActiveCfg = Debug|Any CPU
		{0564DBB7-A2F4-4240-9D4A-7508A5731CFD}.Debug|Any CPU.Build.0 = Debug|Any CPU
		{0564DBB7-A2F4-4240-9D4A-7508A5731CFD}.Release|Any CPU.ActiveCfg = Release|Any CPU
		{0564DBB7-A2F4-4240-9D4A-7508A5731CFD}.Release|Any CPU.Build.0 = Release|Any CPU
		{7BBA5D2E-8089-4DAD-A727-19C82005C078}.Debug|Any CPU.ActiveCfg = Debug|Any CPU
		{7BBA5D2E-8089-4DAD-A727-19C82005C078}.Debug|Any CPU.Build.0 = Debug|Any CPU
		{7BBA5D2E-8089-4DAD-A727-19C82005C078}.Release|Any CPU.ActiveCfg = Release|Any CPU
		{7BBA5D2E-8089-4DAD-A727-19C82005C078}.Release|Any CPU.Build.0 = Release|Any CPU
		{4CE7D54B-137E-4594-B648-6AD78C806A1C}.Debug|Any CPU.ActiveCfg = Debug|Any CPU
		{4CE7D54B-137E-4594-B648-6AD78C806A1C}.Debug|Any CPU.Build.0 = Debug|Any CPU
		{4CE7D54B-137E-4594-B648-6AD78C806A1C}.Release|Any CPU.ActiveCfg = Release|Any CPU
		{4CE7D54B-137E-4594-B648-6AD78C806A1C}.Release|Any CPU.Build.0 = Release|Any CPU
		{E1C8438D-1AF9-4759-85B3-96B3B37DFA6F}.Debug|Any CPU.ActiveCfg = Debug|Any CPU
		{E1C8438D-1AF9-4759-85B3-96B3B37DFA6F}.Debug|Any CPU.Build.0 = Debug|Any CPU
		{E1C8438D-1AF9-4759-85B3-96B3B37DFA6F}.Release|Any CPU.ActiveCfg = Release|Any CPU
		{E1C8438D-1AF9-4759-85B3-96B3B37DFA6F}.Release|Any CPU.Build.0 = Release|Any CPU
	EndGlobalSection
	GlobalSection(SolutionProperties) = preSolution
		HideSolutionNode = FALSE
	EndGlobalSection
	GlobalSection(ExtensibilityGlobals) = postSolution
		SolutionGuid = {EDC4693B-6D76-4DC5-AE29-5FE5C0084EC6}
	EndGlobalSection
EndGlobal
