
Microsoft Visual Studio Solution File, Format Version 12.00
# Visual Studio Version 17
VisualStudioVersion = 17.2.32630.192
MinimumVisualStudioVersion = 10.0.40219.1
Project("{9A19103F-16F7-4668-BE54-9A1E7A4F7556}") = "Dynastio.Bot.Global", "Dynastio.Bot.Global\Dynastio.Bot.Global.csproj", "{4CE7D54B-137E-4594-B648-6AD78C806A1C}"
EndProject
Project("{9A19103F-16F7-4668-BE54-9A1E7A4F7556}") = "Dynastio.Bot", "Dynastio.Bot\Dynastio.Bot.csproj", "{E1C8438D-1AF9-4759-85B3-96B3B37DFA6F}"
EndProject
Project("{9A19103F-16F7-4668-BE54-9A1E7A4F7556}") = "Dynastio.Graphic", "Dynastio.Graphic\Dynastio.Graphic.csproj", "{CCBE2198-A1DD-4C32-825F-1D00CF4D0BF6}"
EndProject
Project("{9A19103F-16F7-4668-BE54-9A1E7A4F7556}") = "Dynastio.Bot.Database", "Dynastio.Bot.Database\Dynastio.Bot.Database.csproj", "{6771A389-E163-46F4-A2D1-BE3EF34AA4A5}"
EndProject
Project("{9A19103F-16F7-4668-BE54-9A1E7A4F7556}") = "Dynastio.Extenstions", "Dynastio.Extenstions\Dynastio.Extenstions.csproj", "{F00EE665-19A6-4CFA-A66F-0596D0B13E33}"
EndProject
Global
	GlobalSection(SolutionConfigurationPlatforms) = preSolution
		Debug|Any CPU = Debug|Any CPU
		Release|Any CPU = Release|Any CPU
	EndGlobalSection
	GlobalSection(ProjectConfigurationPlatforms) = postSolution
		{4CE7D54B-137E-4594-B648-6AD78C806A1C}.Debug|Any CPU.ActiveCfg = Debug|Any CPU
		{4CE7D54B-137E-4594-B648-6AD78C806A1C}.Debug|Any CPU.Build.0 = Debug|Any CPU
		{4CE7D54B-137E-4594-B648-6AD78C806A1C}.Release|Any CPU.ActiveCfg = Release|Any CPU
		{4CE7D54B-137E-4594-B648-6AD78C806A1C}.Release|Any CPU.Build.0 = Release|Any CPU
		{E1C8438D-1AF9-4759-85B3-96B3B37DFA6F}.Debug|Any CPU.ActiveCfg = Debug|Any CPU
		{E1C8438D-1AF9-4759-85B3-96B3B37DFA6F}.Debug|Any CPU.Build.0 = Debug|Any CPU
		{E1C8438D-1AF9-4759-85B3-96B3B37DFA6F}.Release|Any CPU.ActiveCfg = Release|Any CPU
		{E1C8438D-1AF9-4759-85B3-96B3B37DFA6F}.Release|Any CPU.Build.0 = Release|Any CPU
		{CCBE2198-A1DD-4C32-825F-1D00CF4D0BF6}.Debug|Any CPU.ActiveCfg = Debug|Any CPU
		{CCBE2198-A1DD-4C32-825F-1D00CF4D0BF6}.Debug|Any CPU.Build.0 = Debug|Any CPU
		{CCBE2198-A1DD-4C32-825F-1D00CF4D0BF6}.Release|Any CPU.ActiveCfg = Release|Any CPU
		{CCBE2198-A1DD-4C32-825F-1D00CF4D0BF6}.Release|Any CPU.Build.0 = Release|Any CPU
		{6771A389-E163-46F4-A2D1-BE3EF34AA4A5}.Debug|Any CPU.ActiveCfg = Debug|Any CPU
		{6771A389-E163-46F4-A2D1-BE3EF34AA4A5}.Debug|Any CPU.Build.0 = Debug|Any CPU
		{6771A389-E163-46F4-A2D1-BE3EF34AA4A5}.Release|Any CPU.ActiveCfg = Release|Any CPU
		{6771A389-E163-46F4-A2D1-BE3EF34AA4A5}.Release|Any CPU.Build.0 = Release|Any CPU
		{F00EE665-19A6-4CFA-A66F-0596D0B13E33}.Debug|Any CPU.ActiveCfg = Debug|Any CPU
		{F00EE665-19A6-4CFA-A66F-0596D0B13E33}.Debug|Any CPU.Build.0 = Debug|Any CPU
		{F00EE665-19A6-4CFA-A66F-0596D0B13E33}.Release|Any CPU.ActiveCfg = Release|Any CPU
		{F00EE665-19A6-4CFA-A66F-0596D0B13E33}.Release|Any CPU.Build.0 = Release|Any CPU
	EndGlobalSection
	GlobalSection(SolutionProperties) = preSolution
		HideSolutionNode = FALSE
	EndGlobalSection
	GlobalSection(ExtensibilityGlobals) = postSolution
		SolutionGuid = {EDC4693B-6D76-4DC5-AE29-5FE5C0084EC6}
	EndGlobalSection
EndGlobal
